
Microsoft Visual Studio Solution File, Format Version 12.00
# Visual Studio Version 16
VisualStudioVersion = 16.0.30717.126
MinimumVisualStudioVersion = 10.0.40219.1
Project("{FAE04EC0-301F-11D3-BF4B-00C04F79EFBC}") = "PresentationLayer", "..\..\Desktop\Darko Mikavica 36-2018\PresentationLayer\PresentationLayer\PresentationLayer.csproj", "{3D6CD035-9F9B-4315-95B7-40C6A4B681F0}"
EndProject
Project("{FAE04EC0-301F-11D3-BF4B-00C04F79EFBC}") = "DataAccessLayer", "..\..\Desktop\Darko Mikavica 36-2018\PresentationLayer\DataAccessLayer\DataAccessLayer.csproj", "{6DA8C86D-92A4-4278-9FE1-220860831210}"
EndProject
Project("{FAE04EC0-301F-11D3-BF4B-00C04F79EFBC}") = "BusinessLayer", "..\..\Desktop\Darko Mikavica 36-2018\PresentationLayer\BusinessLayer\BusinessLayer.csproj", "{17CCBCF1-F891-4623-AFC9-D16A679A7705}"
EndProject
Global
	GlobalSection(SolutionConfigurationPlatforms) = preSolution
		Debug|Any CPU = Debug|Any CPU
		Release|Any CPU = Release|Any CPU
	EndGlobalSection
	GlobalSection(ProjectConfigurationPlatforms) = postSolution
		{3D6CD035-9F9B-4315-95B7-40C6A4B681F0}.Debug|Any CPU.ActiveCfg = Debug|Any CPU
		{3D6CD035-9F9B-4315-95B7-40C6A4B681F0}.Debug|Any CPU.Build.0 = Debug|Any CPU
		{3D6CD035-9F9B-4315-95B7-40C6A4B681F0}.Release|Any CPU.ActiveCfg = Release|Any CPU
		{3D6CD035-9F9B-4315-95B7-40C6A4B681F0}.Release|Any CPU.Build.0 = Release|Any CPU
		{6DA8C86D-92A4-4278-9FE1-220860831210}.Debug|Any CPU.ActiveCfg = Debug|Any CPU
		{6DA8C86D-92A4-4278-9FE1-220860831210}.Debug|Any CPU.Build.0 = Debug|Any CPU
		{6DA8C86D-92A4-4278-9FE1-220860831210}.Release|Any CPU.ActiveCfg = Release|Any CPU
		{6DA8C86D-92A4-4278-9FE1-220860831210}.Release|Any CPU.Build.0 = Release|Any CPU
		{17CCBCF1-F891-4623-AFC9-D16A679A7705}.Debug|Any CPU.ActiveCfg = Debug|Any CPU
		{17CCBCF1-F891-4623-AFC9-D16A679A7705}.Debug|Any CPU.Build.0 = Debug|Any CPU
		{17CCBCF1-F891-4623-AFC9-D16A679A7705}.Release|Any CPU.ActiveCfg = Release|Any CPU
		{17CCBCF1-F891-4623-AFC9-D16A679A7705}.Release|Any CPU.Build.0 = Release|Any CPU
	EndGlobalSection
	GlobalSection(SolutionProperties) = preSolution
		HideSolutionNode = FALSE
	EndGlobalSection
	GlobalSection(ExtensibilityGlobals) = postSolution
		SolutionGuid = {74F26B31-14F6-437F-A751-2AC142A69919}
	EndGlobalSection
EndGlobal
